
Microsoft Visual Studio Solution File, Format Version 12.00
# Visual Studio Version 17
VisualStudioVersion = 17.1.32328.378
MinimumVisualStudioVersion = 10.0.40219.1
Project("{FAE04EC0-301F-11D3-BF4B-00C04F79EFBC}") = "Pizzeria_Simone", "Pizzeria_Simone\Pizzeria_Simone.csproj", "{BB1EAFE1-F18A-4475-B3B2-AD3B5BF2225A}"
EndProject
Global
	GlobalSection(SolutionConfigurationPlatforms) = preSolution
		Debug|Any CPU = Debug|Any CPU
		Release|Any CPU = Release|Any CPU
	EndGlobalSection
	GlobalSection(ProjectConfigurationPlatforms) = postSolution
		{BB1EAFE1-F18A-4475-B3B2-AD3B5BF2225A}.Debug|Any CPU.ActiveCfg = Debug|Any CPU
		{BB1EAFE1-F18A-4475-B3B2-AD3B5BF2225A}.Debug|Any CPU.Build.0 = Debug|Any CPU
		{BB1EAFE1-F18A-4475-B3B2-AD3B5BF2225A}.Release|Any CPU.ActiveCfg = Release|Any CPU
		{BB1EAFE1-F18A-4475-B3B2-AD3B5BF2225A}.Release|Any CPU.Build.0 = Release|Any CPU
	EndGlobalSection
	GlobalSection(SolutionProperties) = preSolution
		HideSolutionNode = FALSE
	EndGlobalSection
	GlobalSection(ExtensibilityGlobals) = postSolution
		SolutionGuid = {75B110CB-1090-4F9E-A368-260A3507991E}
	EndGlobalSection
EndGlobal
